// !$*UTF8*$!
{
	archiveVersion = 1;
	classes = {
	};
	objectVersion = 56;
	objects = {

/* Begin PBXBuildFile section */
		34FBA54F2983DBB600021E82 /* AppDelegate.swift in Sources */ = {isa = PBXBuildFile; fileRef = 34FBA54E2983DBB600021E82 /* AppDelegate.swift */; };
		34FBA5512983DBB600021E82 /* SceneDelegate.swift in Sources */ = {isa = PBXBuildFile; fileRef = 34FBA5502983DBB600021E82 /* SceneDelegate.swift */; };
		34FBA5532983DBB600021E82 /* ViewController.swift in Sources */ = {isa = PBXBuildFile; fileRef = 34FBA5522983DBB600021E82 /* ViewController.swift */; };
		34FBA5562983DBB600021E82 /* Main.storyboard in Resources */ = {isa = PBXBuildFile; fileRef = 34FBA5542983DBB600021E82 /* Main.storyboard */; };
		34FBA5582983DBB700021E82 /* Assets.xcassets in Resources */ = {isa = PBXBuildFile; fileRef = 34FBA5572983DBB700021E82 /* Assets.xcassets */; };
		34FBA55B2983DBB700021E82 /* LaunchScreen.storyboard in Resources */ = {isa = PBXBuildFile; fileRef = 34FBA5592983DBB700021E82 /* LaunchScreen.storyboard */; };
		34FBA58A2983DC4F00021E82 /* HomeViewModel.swift in Sources */ = {isa = PBXBuildFile; fileRef = 34FBA5842983DC4F00021E82 /* HomeViewModel.swift */; };
		34FBA58C2983DC4F00021E82 /* HomeService.swift in Sources */ = {isa = PBXBuildFile; fileRef = 34FBA5872983DC4F00021E82 /* HomeService.swift */; };
		34FBA58F2983DCAD00021E82 /* CategoryTableViewCell.swift in Sources */ = {isa = PBXBuildFile; fileRef = 34FBA58D2983DCAD00021E82 /* CategoryTableViewCell.swift */; };
		34FBA5902983DCAD00021E82 /* CategoryTableViewCell.xib in Resources */ = {isa = PBXBuildFile; fileRef = 34FBA58E2983DCAD00021E82 /* CategoryTableViewCell.xib */; };
		34FBA5962983E16500021E82 /* ChuckTests.swift in Sources */ = {isa = PBXBuildFile; fileRef = 34FBA5952983E16500021E82 /* ChuckTests.swift */; };
		A7555771451D26B9E945E33C /* Pods_Chuck.framework in Frameworks */ = {isa = PBXBuildFile; fileRef = 5AE658B249626CC40C5E80CB /* Pods_Chuck.framework */; };
		B62DB7385BA7BC5804427B36 /* Pods_ChuckTests.framework in Frameworks */ = {isa = PBXBuildFile; fileRef = 3FF9DFE741631A26A14E7987 /* Pods_ChuckTests.framework */; };
/* End PBXBuildFile section */

/* Begin PBXContainerItemProxy section */
		34FBA5622983DBB700021E82 /* PBXContainerItemProxy */ = {
			isa = PBXContainerItemProxy;
			containerPortal = 34FBA5432983DBB600021E82 /* Project object */;
			proxyType = 1;
			remoteGlobalIDString = 34FBA54A2983DBB600021E82;
			remoteInfo = Chuck;
		};
/* End PBXContainerItemProxy section */

/* Begin PBXFileReference section */
		34FBA54B2983DBB600021E82 /* Chuck.app */ = {isa = PBXFileReference; explicitFileType = wrapper.application; includeInIndex = 0; path = Chuck.app; sourceTree = BUILT_PRODUCTS_DIR; };
		34FBA54E2983DBB600021E82 /* AppDelegate.swift */ = {isa = PBXFileReference; lastKnownFileType = sourcecode.swift; path = AppDelegate.swift; sourceTree = "<group>"; };
		34FBA5502983DBB600021E82 /* SceneDelegate.swift */ = {isa = PBXFileReference; lastKnownFileType = sourcecode.swift; path = SceneDelegate.swift; sourceTree = "<group>"; };
		34FBA5522983DBB600021E82 /* ViewController.swift */ = {isa = PBXFileReference; lastKnownFileType = sourcecode.swift; path = ViewController.swift; sourceTree = "<group>"; };
		34FBA5552983DBB600021E82 /* Base */ = {isa = PBXFileReference; lastKnownFileType = file.storyboard; name = Base; path = Base.lproj/Main.storyboard; sourceTree = "<group>"; };
		34FBA5572983DBB700021E82 /* Assets.xcassets */ = {isa = PBXFileReference; lastKnownFileType = folder.assetcatalog; path = Assets.xcassets; sourceTree = "<group>"; };
		34FBA55A2983DBB700021E82 /* Base */ = {isa = PBXFileReference; lastKnownFileType = file.storyboard; name = Base; path = Base.lproj/LaunchScreen.storyboard; sourceTree = "<group>"; };
		34FBA55C2983DBB700021E82 /* Info.plist */ = {isa = PBXFileReference; lastKnownFileType = text.plist.xml; path = Info.plist; sourceTree = "<group>"; };
		34FBA5612983DBB700021E82 /* ChuckTests.xctest */ = {isa = PBXFileReference; explicitFileType = wrapper.cfbundle; includeInIndex = 0; path = ChuckTests.xctest; sourceTree = BUILT_PRODUCTS_DIR; };
		34FBA5842983DC4F00021E82 /* HomeViewModel.swift */ = {isa = PBXFileReference; fileEncoding = 4; lastKnownFileType = sourcecode.swift; path = HomeViewModel.swift; sourceTree = "<group>"; };
		34FBA5872983DC4F00021E82 /* HomeService.swift */ = {isa = PBXFileReference; fileEncoding = 4; lastKnownFileType = sourcecode.swift; path = HomeService.swift; sourceTree = "<group>"; };
		34FBA58D2983DCAD00021E82 /* CategoryTableViewCell.swift */ = {isa = PBXFileReference; lastKnownFileType = sourcecode.swift; path = CategoryTableViewCell.swift; sourceTree = "<group>"; };
		34FBA58E2983DCAD00021E82 /* CategoryTableViewCell.xib */ = {isa = PBXFileReference; lastKnownFileType = file.xib; path = CategoryTableViewCell.xib; sourceTree = "<group>"; };
		34FBA5952983E16500021E82 /* ChuckTests.swift */ = {isa = PBXFileReference; fileEncoding = 4; lastKnownFileType = sourcecode.swift; path = ChuckTests.swift; sourceTree = "<group>"; };
		3FF9DFE741631A26A14E7987 /* Pods_ChuckTests.framework */ = {isa = PBXFileReference; explicitFileType = wrapper.framework; includeInIndex = 0; path = Pods_ChuckTests.framework; sourceTree = BUILT_PRODUCTS_DIR; };
		5AE658B249626CC40C5E80CB /* Pods_Chuck.framework */ = {isa = PBXFileReference; explicitFileType = wrapper.framework; includeInIndex = 0; path = Pods_Chuck.framework; sourceTree = BUILT_PRODUCTS_DIR; };
		7B1E7E8D3DCA3E9E4C853059 /* Pods-Chuck.debug.xcconfig */ = {isa = PBXFileReference; includeInIndex = 1; lastKnownFileType = text.xcconfig; name = "Pods-Chuck.debug.xcconfig"; path = "Target Support Files/Pods-Chuck/Pods-Chuck.debug.xcconfig"; sourceTree = "<group>"; };
		961A320D7D26F8BCDB6C5D29 /* Pods-Chuck.release.xcconfig */ = {isa = PBXFileReference; includeInIndex = 1; lastKnownFileType = text.xcconfig; name = "Pods-Chuck.release.xcconfig"; path = "Target Support Files/Pods-Chuck/Pods-Chuck.release.xcconfig"; sourceTree = "<group>"; };
		BC691B6DE2714AFDB9AE3F99 /* Pods-ChuckTests.debug.xcconfig */ = {isa = PBXFileReference; includeInIndex = 1; lastKnownFileType = text.xcconfig; name = "Pods-ChuckTests.debug.xcconfig"; path = "Target Support Files/Pods-ChuckTests/Pods-ChuckTests.debug.xcconfig"; sourceTree = "<group>"; };
		F1E5456C64EC261268BFBDD6 /* Pods-ChuckTests.release.xcconfig */ = {isa = PBXFileReference; includeInIndex = 1; lastKnownFileType = text.xcconfig; name = "Pods-ChuckTests.release.xcconfig"; path = "Target Support Files/Pods-ChuckTests/Pods-ChuckTests.release.xcconfig"; sourceTree = "<group>"; };
/* End PBXFileReference section */

/* Begin PBXFrameworksBuildPhase section */
		34FBA5482983DBB600021E82 /* Frameworks */ = {
			isa = PBXFrameworksBuildPhase;
			buildActionMask = 2147483647;
			files = (
				A7555771451D26B9E945E33C /* Pods_Chuck.framework in Frameworks */,
			);
			runOnlyForDeploymentPostprocessing = 0;
		};
		34FBA55E2983DBB700021E82 /* Frameworks */ = {
			isa = PBXFrameworksBuildPhase;
			buildActionMask = 2147483647;
			files = (
				B62DB7385BA7BC5804427B36 /* Pods_ChuckTests.framework in Frameworks */,
			);
			runOnlyForDeploymentPostprocessing = 0;
		};
/* End PBXFrameworksBuildPhase section */

/* Begin PBXGroup section */
		29BBE9A764A042EF32768CEF /* Pods */ = {
			isa = PBXGroup;
			children = (
				7B1E7E8D3DCA3E9E4C853059 /* Pods-Chuck.debug.xcconfig */,
				961A320D7D26F8BCDB6C5D29 /* Pods-Chuck.release.xcconfig */,
				BC691B6DE2714AFDB9AE3F99 /* Pods-ChuckTests.debug.xcconfig */,
				F1E5456C64EC261268BFBDD6 /* Pods-ChuckTests.release.xcconfig */,
			);
			path = Pods;
			sourceTree = "<group>";
		};
		34FBA5422983DBB600021E82 = {
			isa = PBXGroup;
			children = (
				34FBA54D2983DBB600021E82 /* Chuck */,
				34FBA5642983DBB700021E82 /* ChuckTests */,
				34FBA54C2983DBB600021E82 /* Products */,
				29BBE9A764A042EF32768CEF /* Pods */,
				8847743D80196528152598EE /* Frameworks */,
			);
			sourceTree = "<group>";
		};
		34FBA54C2983DBB600021E82 /* Products */ = {
			isa = PBXGroup;
			children = (
				34FBA54B2983DBB600021E82 /* Chuck.app */,
				34FBA5612983DBB700021E82 /* ChuckTests.xctest */,
			);
			name = Products;
			sourceTree = "<group>";
		};
		34FBA54D2983DBB600021E82 /* Chuck */ = {
			isa = PBXGroup;
			children = (
				34FBA54E2983DBB600021E82 /* AppDelegate.swift */,
				34FBA5502983DBB600021E82 /* SceneDelegate.swift */,
				34FBA5972983E18500021E82 /* ViewController */,
				34FBA57E2983DC4E00021E82 /* Cells */,
				34FBA5852983DC4F00021E82 /* Service */,
				34FBA5832983DC4E00021E82 /* ViewModel */,
				34FBA5542983DBB600021E82 /* Main.storyboard */,
				34FBA5572983DBB700021E82 /* Assets.xcassets */,
				34FBA5592983DBB700021E82 /* LaunchScreen.storyboard */,
				34FBA55C2983DBB700021E82 /* Info.plist */,
			);
			path = Chuck;
			sourceTree = "<group>";
		};
		34FBA5642983DBB700021E82 /* ChuckTests */ = {
			isa = PBXGroup;
			children = (
				34FBA5952983E16500021E82 /* ChuckTests.swift */,
			);
			path = ChuckTests;
			sourceTree = "<group>";
		};
		34FBA57E2983DC4E00021E82 /* Cells */ = {
			isa = PBXGroup;
			children = (
				34FBA58D2983DCAD00021E82 /* CategoryTableViewCell.swift */,
				34FBA58E2983DCAD00021E82 /* CategoryTableViewCell.xib */,
			);
			path = Cells;
			sourceTree = "<group>";
		};
		34FBA5832983DC4E00021E82 /* ViewModel */ = {
			isa = PBXGroup;
			children = (
				34FBA5842983DC4F00021E82 /* HomeViewModel.swift */,
			);
			path = ViewModel;
			sourceTree = "<group>";
		};
		34FBA5852983DC4F00021E82 /* Service */ = {
			isa = PBXGroup;
			children = (
				34FBA5872983DC4F00021E82 /* HomeService.swift */,
			);
			path = Service;
			sourceTree = "<group>";
		};
		34FBA5972983E18500021E82 /* ViewController */ = {
			isa = PBXGroup;
			children = (
				34FBA5522983DBB600021E82 /* ViewController.swift */,
			);
			path = ViewController;
			sourceTree = "<group>";
		};
		8847743D80196528152598EE /* Frameworks */ = {
			isa = PBXGroup;
			children = (
				5AE658B249626CC40C5E80CB /* Pods_Chuck.framework */,
				3FF9DFE741631A26A14E7987 /* Pods_ChuckTests.framework */,
			);
			name = Frameworks;
			sourceTree = "<group>";
		};
/* End PBXGroup section */

/* Begin PBXNativeTarget section */
		34FBA54A2983DBB600021E82 /* Chuck */ = {
			isa = PBXNativeTarget;
			buildConfigurationList = 34FBA5752983DBB700021E82 /* Build configuration list for PBXNativeTarget "Chuck" */;
			buildPhases = (
				9C99733D2E040286D3486B27 /* [CP] Check Pods Manifest.lock */,
				34FBA5472983DBB600021E82 /* Sources */,
				34FBA5482983DBB600021E82 /* Frameworks */,
				34FBA5492983DBB600021E82 /* Resources */,
				F9D6F50B4DB3CB4F6D1AACC7 /* [CP] Embed Pods Frameworks */,
			);
			buildRules = (
			);
			dependencies = (
			);
			name = Chuck;
			productName = Chuck;
			productReference = 34FBA54B2983DBB600021E82 /* Chuck.app */;
			productType = "com.apple.product-type.application";
		};
		34FBA5602983DBB700021E82 /* ChuckTests */ = {
			isa = PBXNativeTarget;
			buildConfigurationList = 34FBA5782983DBB700021E82 /* Build configuration list for PBXNativeTarget "ChuckTests" */;
			buildPhases = (
				DF5E38037486E8F423B53FE0 /* [CP] Check Pods Manifest.lock */,
				34FBA55D2983DBB700021E82 /* Sources */,
				34FBA55E2983DBB700021E82 /* Frameworks */,
				34FBA55F2983DBB700021E82 /* Resources */,
			);
			buildRules = (
			);
			dependencies = (
				34FBA5632983DBB700021E82 /* PBXTargetDependency */,
			);
			name = ChuckTests;
			productName = ChuckTests;
			productReference = 34FBA5612983DBB700021E82 /* ChuckTests.xctest */;
			productType = "com.apple.product-type.bundle.unit-test";
		};
/* End PBXNativeTarget section */

/* Begin PBXProject section */
		34FBA5432983DBB600021E82 /* Project object */ = {
			isa = PBXProject;
			attributes = {
				BuildIndependentTargetsInParallel = 1;
				LastSwiftUpdateCheck = 1420;
				LastUpgradeCheck = 1420;
				TargetAttributes = {
					34FBA54A2983DBB600021E82 = {
						CreatedOnToolsVersion = 14.2;
					};
					34FBA5602983DBB700021E82 = {
						CreatedOnToolsVersion = 14.2;
						TestTargetID = 34FBA54A2983DBB600021E82;
					};
				};
			};
			buildConfigurationList = 34FBA5462983DBB600021E82 /* Build configuration list for PBXProject "Chuck" */;
			compatibilityVersion = "Xcode 14.0";
			developmentRegion = en;
			hasScannedForEncodings = 0;
			knownRegions = (
				en,
				Base,
			);
			mainGroup = 34FBA5422983DBB600021E82;
			productRefGroup = 34FBA54C2983DBB600021E82 /* Products */;
			projectDirPath = "";
			projectRoot = "";
			targets = (
				34FBA54A2983DBB600021E82 /* Chuck */,
				34FBA5602983DBB700021E82 /* ChuckTests */,
			);
		};
/* End PBXProject section */

/* Begin PBXResourcesBuildPhase section */
		34FBA5492983DBB600021E82 /* Resources */ = {
			isa = PBXResourcesBuildPhase;
			buildActionMask = 2147483647;
			files = (
				34FBA55B2983DBB700021E82 /* LaunchScreen.storyboard in Resources */,
				34FBA5582983DBB700021E82 /* Assets.xcassets in Resources */,
				34FBA5562983DBB600021E82 /* Main.storyboard in Resources */,
				34FBA5902983DCAD00021E82 /* CategoryTableViewCell.xib in Resources */,
			);
			runOnlyForDeploymentPostprocessing = 0;
		};
		34FBA55F2983DBB700021E82 /* Resources */ = {
			isa = PBXResourcesBuildPhase;
			buildActionMask = 2147483647;
			files = (
			);
			runOnlyForDeploymentPostprocessing = 0;
		};
/* End PBXResourcesBuildPhase section */

/* Begin PBXShellScriptBuildPhase section */
		9C99733D2E040286D3486B27 /* [CP] Check Pods Manifest.lock */ = {
			isa = PBXShellScriptBuildPhase;
			buildActionMask = 2147483647;
			files = (
			);
			inputFileListPaths = (
			);
			inputPaths = (
				"${PODS_PODFILE_DIR_PATH}/Podfile.lock",
				"${PODS_ROOT}/Manifest.lock",
			);
			name = "[CP] Check Pods Manifest.lock";
			outputFileListPaths = (
			);
			outputPaths = (
				"$(DERIVED_FILE_DIR)/Pods-Chuck-checkManifestLockResult.txt",
			);
			runOnlyForDeploymentPostprocessing = 0;
			shellPath = /bin/sh;
			shellScript = "diff \"${PODS_PODFILE_DIR_PATH}/Podfile.lock\" \"${PODS_ROOT}/Manifest.lock\" > /dev/null\nif [ $? != 0 ] ; then\n    # print error to STDERR\n    echo \"error: The sandbox is not in sync with the Podfile.lock. Run 'pod install' or update your CocoaPods installation.\" >&2\n    exit 1\nfi\n# This output is used by Xcode 'outputs' to avoid re-running this script phase.\necho \"SUCCESS\" > \"${SCRIPT_OUTPUT_FILE_0}\"\n";
			showEnvVarsInLog = 0;
		};
		DF5E38037486E8F423B53FE0 /* [CP] Check Pods Manifest.lock */ = {
			isa = PBXShellScriptBuildPhase;
			buildActionMask = 2147483647;
			files = (
			);
			inputFileListPaths = (
			);
			inputPaths = (
				"${PODS_PODFILE_DIR_PATH}/Podfile.lock",
				"${PODS_ROOT}/Manifest.lock",
			);
			name = "[CP] Check Pods Manifest.lock";
			outputFileListPaths = (
			);
			outputPaths = (
				"$(DERIVED_FILE_DIR)/Pods-ChuckTests-checkManifestLockResult.txt",
			);
			runOnlyForDeploymentPostprocessing = 0;
			shellPath = /bin/sh;
			shellScript = "diff \"${PODS_PODFILE_DIR_PATH}/Podfile.lock\" \"${PODS_ROOT}/Manifest.lock\" > /dev/null\nif [ $? != 0 ] ; then\n    # print error to STDERR\n    echo \"error: The sandbox is not in sync with the Podfile.lock. Run 'pod install' or update your CocoaPods installation.\" >&2\n    exit 1\nfi\n# This output is used by Xcode 'outputs' to avoid re-running this script phase.\necho \"SUCCESS\" > \"${SCRIPT_OUTPUT_FILE_0}\"\n";
			showEnvVarsInLog = 0;
		};
		F9D6F50B4DB3CB4F6D1AACC7 /* [CP] Embed Pods Frameworks */ = {
			isa = PBXShellScriptBuildPhase;
			buildActionMask = 2147483647;
			files = (
			);
			inputFileListPaths = (
				"${PODS_ROOT}/Target Support Files/Pods-Chuck/Pods-Chuck-frameworks-${CONFIGURATION}-input-files.xcfilelist",
			);
			name = "[CP] Embed Pods Frameworks";
			outputFileListPaths = (
				"${PODS_ROOT}/Target Support Files/Pods-Chuck/Pods-Chuck-frameworks-${CONFIGURATION}-output-files.xcfilelist",
			);
			runOnlyForDeploymentPostprocessing = 0;
			shellPath = /bin/sh;
			shellScript = "\"${PODS_ROOT}/Target Support Files/Pods-Chuck/Pods-Chuck-frameworks.sh\"\n";
			showEnvVarsInLog = 0;
		};
/* End PBXShellScriptBuildPhase section */

/* Begin PBXSourcesBuildPhase section */
		34FBA5472983DBB600021E82 /* Sources */ = {
			isa = PBXSourcesBuildPhase;
			buildActionMask = 2147483647;
			files = (
				34FBA58A2983DC4F00021E82 /* HomeViewModel.swift in Sources */,
				34FBA5532983DBB600021E82 /* ViewController.swift in Sources */,
				34FBA54F2983DBB600021E82 /* AppDelegate.swift in Sources */,
				34FBA5512983DBB600021E82 /* SceneDelegate.swift in Sources */,
				34FBA58C2983DC4F00021E82 /* HomeService.swift in Sources */,
				34FBA58F2983DCAD00021E82 /* CategoryTableViewCell.swift in Sources */,
			);
			runOnlyForDeploymentPostprocessing = 0;
		};
		34FBA55D2983DBB700021E82 /* Sources */ = {
			isa = PBXSourcesBuildPhase;
			buildActionMask = 2147483647;
			files = (
				34FBA5962983E16500021E82 /* ChuckTests.swift in Sources */,
			);
			runOnlyForDeploymentPostprocessing = 0;
		};
/* End PBXSourcesBuildPhase section */

/* Begin PBXTargetDependency section */
		34FBA5632983DBB700021E82 /* PBXTargetDependency */ = {
			isa = PBXTargetDependency;
			target = 34FBA54A2983DBB600021E82 /* Chuck */;
			targetProxy = 34FBA5622983DBB700021E82 /* PBXContainerItemProxy */;
		};
/* End PBXTargetDependency section */

/* Begin PBXVariantGroup section */
		34FBA5542983DBB600021E82 /* Main.storyboard */ = {
			isa = PBXVariantGroup;
			children = (
				34FBA5552983DBB600021E82 /* Base */,
			);
			name = Main.storyboard;
			sourceTree = "<group>";
		};
		34FBA5592983DBB700021E82 /* LaunchScreen.storyboard */ = {
			isa = PBXVariantGroup;
			children = (
				34FBA55A2983DBB700021E82 /* Base */,
			);
			name = LaunchScreen.storyboard;
			sourceTree = "<group>";
		};
/* End PBXVariantGroup section */

/* Begin XCBuildConfiguration section */
		34FBA5732983DBB700021E82 /* Debug */ = {
			isa = XCBuildConfiguration;
			buildSettings = {
				ALWAYS_SEARCH_USER_PATHS = NO;
				CLANG_ANALYZER_NONNULL = YES;
				CLANG_ANALYZER_NUMBER_OBJECT_CONVERSION = YES_AGGRESSIVE;
				CLANG_CXX_LANGUAGE_STANDARD = "gnu++20";
				CLANG_ENABLE_MODULES = YES;
				CLANG_ENABLE_OBJC_ARC = YES;
				CLANG_ENABLE_OBJC_WEAK = YES;
				CLANG_WARN_BLOCK_CAPTURE_AUTORELEASING = YES;
				CLANG_WARN_BOOL_CONVERSION = YES;
				CLANG_WARN_COMMA = YES;
				CLANG_WARN_CONSTANT_CONVERSION = YES;
				CLANG_WARN_DEPRECATED_OBJC_IMPLEMENTATIONS = YES;
				CLANG_WARN_DIRECT_OBJC_ISA_USAGE = YES_ERROR;
				CLANG_WARN_DOCUMENTATION_COMMENTS = YES;
				CLANG_WARN_EMPTY_BODY = YES;
				CLANG_WARN_ENUM_CONVERSION = YES;
				CLANG_WARN_INFINITE_RECURSION = YES;
				CLANG_WARN_INT_CONVERSION = YES;
				CLANG_WARN_NON_LITERAL_NULL_CONVERSION = YES;
				CLANG_WARN_OBJC_IMPLICIT_RETAIN_SELF = YES;
				CLANG_WARN_OBJC_LITERAL_CONVERSION = YES;
				CLANG_WARN_OBJC_ROOT_CLASS = YES_ERROR;
				CLANG_WARN_QUOTED_INCLUDE_IN_FRAMEWORK_HEADER = YES;
				CLANG_WARN_RANGE_LOOP_ANALYSIS = YES;
				CLANG_WARN_STRICT_PROTOTYPES = YES;
				CLANG_WARN_SUSPICIOUS_MOVE = YES;
				CLANG_WARN_UNGUARDED_AVAILABILITY = YES_AGGRESSIVE;
				CLANG_WARN_UNREACHABLE_CODE = YES;
				CLANG_WARN__DUPLICATE_METHOD_MATCH = YES;
				COPY_PHASE_STRIP = NO;
				DEBUG_INFORMATION_FORMAT = dwarf;
				ENABLE_STRICT_OBJC_MSGSEND = YES;
				ENABLE_TESTABILITY = YES;
				GCC_C_LANGUAGE_STANDARD = gnu11;
				GCC_DYNAMIC_NO_PIC = NO;
				GCC_NO_COMMON_BLOCKS = YES;
				GCC_OPTIMIZATION_LEVEL = 0;
				GCC_PREPROCESSOR_DEFINITIONS = (
					"DEBUG=1",
					"$(inherited)",
				);
				GCC_WARN_64_TO_32_BIT_CONVERSION = YES;
				GCC_WARN_ABOUT_RETURN_TYPE = YES_ERROR;
				GCC_WARN_UNDECLARED_SELECTOR = YES;
				GCC_WARN_UNINITIALIZED_AUTOS = YES_AGGRESSIVE;
				GCC_WARN_UNUSED_FUNCTION = YES;
				GCC_WARN_UNUSED_VARIABLE = YES;
				IPHONEOS_DEPLOYMENT_TARGET = 16.2;
				MTL_ENABLE_DEBUG_INFO = INCLUDE_SOURCE;
				MTL_FAST_MATH = YES;
				ONLY_ACTIVE_ARCH = YES;
				SDKROOT = iphoneos;
				SWIFT_ACTIVE_COMPILATION_CONDITIONS = DEBUG;
				SWIFT_OPTIMIZATION_LEVEL = "-Onone";
			};
			name = Debug;
		};
		34FBA5742983DBB700021E82 /* Release */ = {
			isa = XCBuildConfiguration;
			buildSettings = {
				ALWAYS_SEARCH_USER_PATHS = NO;
				CLANG_ANALYZER_NONNULL = YES;
				CLANG_ANALYZER_NUMBER_OBJECT_CONVERSION = YES_AGGRESSIVE;
				CLANG_CXX_LANGUAGE_STANDARD = "gnu++20";
				CLANG_ENABLE_MODULES = YES;
				CLANG_ENABLE_OBJC_ARC = YES;
				CLANG_ENABLE_OBJC_WEAK = YES;
				CLANG_WARN_BLOCK_CAPTURE_AUTORELEASING = YES;
				CLANG_WARN_BOOL_CONVERSION = YES;
				CLANG_WARN_COMMA = YES;
				CLANG_WARN_CONSTANT_CONVERSION = YES;
				CLANG_WARN_DEPRECATED_OBJC_IMPLEMENTATIONS = YES;
				CLANG_WARN_DIRECT_OBJC_ISA_USAGE = YES_ERROR;
				CLANG_WARN_DOCUMENTATION_COMMENTS = YES;
				CLANG_WARN_EMPTY_BODY = YES;
				CLANG_WARN_ENUM_CONVERSION = YES;
				CLANG_WARN_INFINITE_RECURSION = YES;
				CLANG_WARN_INT_CONVERSION = YES;
				CLANG_WARN_NON_LITERAL_NULL_CONVERSION = YES;
				CLANG_WARN_OBJC_IMPLICIT_RETAIN_SELF = YES;
				CLANG_WARN_OBJC_LITERAL_CONVERSION = YES;
				CLANG_WARN_OBJC_ROOT_CLASS = YES_ERROR;
				CLANG_WARN_QUOTED_INCLUDE_IN_FRAMEWORK_HEADER = YES;
				CLANG_WARN_RANGE_LOOP_ANALYSIS = YES;
				CLANG_WARN_STRICT_PROTOTYPES = YES;
				CLANG_WARN_SUSPICIOUS_MOVE = YES;
				CLANG_WARN_UNGUARDED_AVAILABILITY = YES_AGGRESSIVE;
				CLANG_WARN_UNREACHABLE_CODE = YES;
				CLANG_WARN__DUPLICATE_METHOD_MATCH = YES;
				COPY_PHASE_STRIP = NO;
				DEBUG_INFORMATION_FORMAT = "dwarf-with-dsym";
				ENABLE_NS_ASSERTIONS = NO;
				ENABLE_STRICT_OBJC_MSGSEND = YES;
				GCC_C_LANGUAGE_STANDARD = gnu11;
				GCC_NO_COMMON_BLOCKS = YES;
				GCC_WARN_64_TO_32_BIT_CONVERSION = YES;
				GCC_WARN_ABOUT_RETURN_TYPE = YES_ERROR;
				GCC_WARN_UNDECLARED_SELECTOR = YES;
				GCC_WARN_UNINITIALIZED_AUTOS = YES_AGGRESSIVE;
				GCC_WARN_UNUSED_FUNCTION = YES;
				GCC_WARN_UNUSED_VARIABLE = YES;
				IPHONEOS_DEPLOYMENT_TARGET = 16.2;
				MTL_ENABLE_DEBUG_INFO = NO;
				MTL_FAST_MATH = YES;
				SDKROOT = iphoneos;
				SWIFT_COMPILATION_MODE = wholemodule;
				SWIFT_OPTIMIZATION_LEVEL = "-O";
				VALIDATE_PRODUCT = YES;
			};
			name = Release;
		};
		34FBA5762983DBB700021E82 /* Debug */ = {
			isa = XCBuildConfiguration;
			baseConfigurationReference = 7B1E7E8D3DCA3E9E4C853059 /* Pods-Chuck.debug.xcconfig */;
			buildSettings = {
				ASSETCATALOG_COMPILER_APPICON_NAME = AppIcon;
				ASSETCATALOG_COMPILER_GLOBAL_ACCENT_COLOR_NAME = AccentColor;
				CODE_SIGN_STYLE = Automatic;
				CURRENT_PROJECT_VERSION = 1;
				GENERATE_INFOPLIST_FILE = YES;
				INFOPLIST_FILE = Chuck/Info.plist;
				INFOPLIST_KEY_UIApplicationSupportsIndirectInputEvents = YES;
				INFOPLIST_KEY_UILaunchStoryboardName = LaunchScreen;
				INFOPLIST_KEY_UIMainStoryboardFile = Main;
				INFOPLIST_KEY_UISupportedInterfaceOrientations_iPad = "UIInterfaceOrientationPortrait UIInterfaceOrientationPortraitUpsideDown UIInterfaceOrientationLandscapeLeft UIInterfaceOrientationLandscapeRight";
				INFOPLIST_KEY_UISupportedInterfaceOrientations_iPhone = "UIInterfaceOrientationPortrait UIInterfaceOrientationLandscapeLeft UIInterfaceOrientationLandscapeRight";
				LD_RUNPATH_SEARCH_PATHS = (
					"$(inherited)",
					"@executable_path/Frameworks",
				);
				MARKETING_VERSION = 1.0;
				PRODUCT_BUNDLE_IDENTIFIER = backfront.Chuck;
				PRODUCT_NAME = "$(TARGET_NAME)";
				SUPPORTED_PLATFORMS = "iphoneos iphonesimulator";
				SUPPORTS_MACCATALYST = NO;
				SUPPORTS_MAC_DESIGNED_FOR_IPHONE_IPAD = NO;
				SWIFT_EMIT_LOC_STRINGS = YES;
				SWIFT_VERSION = 5.0;
				TARGETED_DEVICE_FAMILY = "1,2";
			};
			name = Debug;
		};
		34FBA5772983DBB700021E82 /* Release */ = {
			isa = XCBuildConfiguration;
			baseConfigurationReference = 961A320D7D26F8BCDB6C5D29 /* Pods-Chuck.release.xcconfig */;
			buildSettings = {
				ASSETCATALOG_COMPILER_APPICON_NAME = AppIcon;
				ASSETCATALOG_COMPILER_GLOBAL_ACCENT_COLOR_NAME = AccentColor;
				CODE_SIGN_STYLE = Automatic;
				CURRENT_PROJECT_VERSION = 1;
				GENERATE_INFOPLIST_FILE = YES;
				INFOPLIST_FILE = Chuck/Info.plist;
				INFOPLIST_KEY_UIApplicationSupportsIndirectInputEvents = YES;
				INFOPLIST_KEY_UILaunchStoryboardName = LaunchScreen;
				INFOPLIST_KEY_UIMainStoryboardFile = Main;
				INFOPLIST_KEY_UISupportedInterfaceOrientations_iPad = "UIInterfaceOrientationPortrait UIInterfaceOrientationPortraitUpsideDown UIInterfaceOrientationLandscapeLeft UIInterfaceOrientationLandscapeRight";
				INFOPLIST_KEY_UISupportedInterfaceOrientations_iPhone = "UIInterfaceOrientationPortrait UIInterfaceOrientationLandscapeLeft UIInterfaceOrientationLandscapeRight";
				LD_RUNPATH_SEARCH_PATHS = (
					"$(inherited)",
					"@executable_path/Frameworks",
				);
				MARKETING_VERSION = 1.0;
				PRODUCT_BUNDLE_IDENTIFIER = backfront.Chuck;
				PRODUCT_NAME = "$(TARGET_NAME)";
				SUPPORTED_PLATFORMS = "iphoneos iphonesimulator";
				SUPPORTS_MACCATALYST = NO;
				SUPPORTS_MAC_DESIGNED_FOR_IPHONE_IPAD = NO;
				SWIFT_EMIT_LOC_STRINGS = YES;
				SWIFT_VERSION = 5.0;
				TARGETED_DEVICE_FAMILY = "1,2";
			};
			name = Release;
		};
		34FBA5792983DBB700021E82 /* Debug */ = {
			isa = XCBuildConfiguration;
			baseConfigurationReference = BC691B6DE2714AFDB9AE3F99 /* Pods-ChuckTests.debug.xcconfig */;
			buildSettings = {
				ALWAYS_EMBED_SWIFT_STANDARD_LIBRARIES = YES;
				BUNDLE_LOADER = "$(TEST_HOST)";
				CODE_SIGN_STYLE = Automatic;
				CURRENT_PROJECT_VERSION = 1;
				GENERATE_INFOPLIST_FILE = YES;
				IPHONEOS_DEPLOYMENT_TARGET = 16.2;
				MARKETING_VERSION = 1.0;
				PRODUCT_BUNDLE_IDENTIFIER = backfront.ChuckTests;
				PRODUCT_NAME = "$(TARGET_NAME)";
				SWIFT_EMIT_LOC_STRINGS = NO;
				SWIFT_VERSION = 5.0;
				TARGETED_DEVICE_FAMILY = "1,2";
				TEST_HOST = "$(BUILT_PRODUCTS_DIR)/Chuck.app/$(BUNDLE_EXECUTABLE_FOLDER_PATH)/Chuck";
			};
			name = Debug;
		};
		34FBA57A2983DBB700021E82 /* Release */ = {
			isa = XCBuildConfiguration;
			baseConfigurationReference = F1E5456C64EC261268BFBDD6 /* Pods-ChuckTests.release.xcconfig */;
			buildSettings = {
				ALWAYS_EMBED_SWIFT_STANDARD_LIBRARIES = YES;
				BUNDLE_LOADER = "$(TEST_HOST)";
				CODE_SIGN_STYLE = Automatic;
				CURRENT_PROJECT_VERSION = 1;
				GENERATE_INFOPLIST_FILE = YES;
				IPHONEOS_DEPLOYMENT_TARGET = 16.2;
				MARKETING_VERSION = 1.0;
				PRODUCT_BUNDLE_IDENTIFIER = backfront.ChuckTests;
				PRODUCT_NAME = "$(TARGET_NAME)";
				SWIFT_EMIT_LOC_STRINGS = NO;
				SWIFT_VERSION = 5.0;
				TARGETED_DEVICE_FAMILY = "1,2";
				TEST_HOST = "$(BUILT_PRODUCTS_DIR)/Chuck.app/$(BUNDLE_EXECUTABLE_FOLDER_PATH)/Chuck";
			};
			name = Release;
		};
/* End XCBuildConfiguration section */

/* Begin XCConfigurationList section */
		34FBA5462983DBB600021E82 /* Build configuration list for PBXProject "Chuck" */ = {
			isa = XCConfigurationList;
			buildConfigurations = (
				34FBA5732983DBB700021E82 /* Debug */,
				34FBA5742983DBB700021E82 /* Release */,
			);
			defaultConfigurationIsVisible = 0;
			defaultConfigurationName = Release;
		};
		34FBA5752983DBB700021E82 /* Build configuration list for PBXNativeTarget "Chuck" */ = {
			isa = XCConfigurationList;
			buildConfigurations = (
				34FBA5762983DBB700021E82 /* Debug */,
				34FBA5772983DBB700021E82 /* Release */,
			);
			defaultConfigurationIsVisible = 0;
			defaultConfigurationName = Release;
		};
		34FBA5782983DBB700021E82 /* Build configuration list for PBXNativeTarget "ChuckTests" */ = {
			isa = XCConfigurationList;
			buildConfigurations = (
				34FBA5792983DBB700021E82 /* Debug */,
				34FBA57A2983DBB700021E82 /* Release */,
			);
			defaultConfigurationIsVisible = 0;
			defaultConfigurationName = Release;
		};
/* End XCConfigurationList section */
	};
	rootObject = 34FBA5432983DBB600021E82 /* Project object */;
}
